{
    "_meta": {
        "hash": {
            "sha256": "aade6301dc559d746dcd8e30d398fb5452ce3c8f7345597303a56e85fb9bf3f8"
        },
        "pipfile-spec": 6,
        "requires": {
            "python_version": "3.9"
        },
        "sources": [
            {
                "name": "pypi",
                "url": "https://pypi.org/simple",
                "verify_ssl": true
            }
        ]
    },
    "default": {
        "click": {
            "hashes": [
                "sha256:7682dc8afb30297001674575ea00d1814d808d6a36af415a82bd481d37ba7b8e",
                "sha256:bb4d8133cb15a609f44e8213d9b391b0809795062913b383c62be0ee95b1db48"
            ],
            "markers": "python_version >= '3.7'",
            "version": "==8.1.3"
        },
        "colorama": {
            "hashes": [
                "sha256:5941b2b48a20143d2267e95b1c2a7603ce057ee39fd88e7329b0c292aa16869b",
                "sha256:9f47eda37229f68eee03b24b9748937c7dc3868f906e8ba69fbcbdd3bc5dc3e2"
            ],
            "index": "pypi",
            "version": "==0.4.4"
        },
        "docopt": {
            "hashes": [
                "sha256:49b3a825280bd66b3aa83585ef59c4a8c82f2c8a522dbe754a8bc8d08c85c491"
            ],
            "version": "==0.6.2"
        },
        "numpy": {
            "hashes": [
                "sha256:0cfe07133fd00b27edee5e6385e333e9eeb010607e8a46e1cd673f05f8596595",
                "sha256:11a1f3816ea82eed4178102c56281782690ab5993251fdfd75039aad4d20385f",
                "sha256:2762331de395739c91f1abb88041f94a080cb1143aeec791b3b223976228af3f",
                "sha256:283d9de87c0133ef98f93dfc09fad3fb382f2a15580de75c02b5bb36a5a159a5",
                "sha256:3d22662b4b10112c545c91a0741f2436f8ca979ab3d69d03d19322aa970f9695",
                "sha256:41388e32e40b41dd56eb37fcaa7488b2b47b0adf77c66154d6b89622c110dfe9",
                "sha256:42c16cec1c8cf2728f1d539bd55aaa9d6bb48a7de2f41eb944697293ef65a559",
                "sha256:47ee7a839f5885bc0c63a74aabb91f6f40d7d7b639253768c4199b37aede7982",
                "sha256:5a311ee4d983c487a0ab546708edbdd759393a3dc9cd30305170149fedd23c88",
                "sha256:5dc65644f75a4c2970f21394ad8bea1a844104f0fe01f278631be1c7eae27226",
                "sha256:6ed0d073a9c54ac40c41a9c2d53fcc3d4d4ed607670b9e7b0de1ba13b4cbfe6f",
                "sha256:76ba7c40e80f9dc815c5e896330700fd6e20814e69da9c1267d65a4d051080f1",
                "sha256:818b9be7900e8dc23e013a92779135623476f44a0de58b40c32a15368c01d471",
                "sha256:a024181d7aef0004d76fb3bce2a4c9f2e67a609a9e2a6ff2571d30e9976aa383",
                "sha256:a955e4128ac36797aaffd49ab44ec74a71c11d6938df83b1285492d277db5397",
                "sha256:a97a954a8c2f046d3817c2bce16e3c7e9a9c2afffaf0400f5c16df5172a67c9c",
                "sha256:a97e82c39d9856fe7d4f9b86d8a1e66eff99cf3a8b7ba48202f659703d27c46f",
                "sha256:b55b953a1bdb465f4dc181758570d321db4ac23005f90ffd2b434cc6609a63dd",
                "sha256:bb02929b0d6bfab4c48a79bd805bd7419114606947ec8284476167415171f55b",
                "sha256:bece0a4a49e60e472a6d1f70ac6cdea00f9ab80ff01132f96bd970cdd8a9e5a9",
                "sha256:e41e8951749c4b5c9a2dc5fdbc1a4eec6ab2a140fdae9b460b0f557eed870f4d",
                "sha256:f71d57cc8645f14816ae249407d309be250ad8de93ef61d9709b45a0ddf4050c"
            ],
            "index": "pypi",
            "version": "==1.22.0"
        },
        "opencv-python": {
            "hashes": [
                "sha256:0dc82a3d8630c099d2f3ac1b1aabee164e8188db54a786abb7a4e27eba309440",
                "sha256:5af8ba35a4fcb8913ffb86e92403e9a656a4bff4a645d196987468f0f8947875",
                "sha256:6e32af22e3202748bd233ed8f538741876191863882eba44e332d1a34993165b",
                "sha256:c5bfae41ad4031e66bb10ec4a0a2ffd3e514d092652781e8b1ac98d1b59f1158",
                "sha256:dbdc84a9b4ea2cbae33861652d25093944b9959279200b7ae0badd32439f74de",
                "sha256:e6e448b62afc95c5b58f97e87ef84699e6607fe5c58730a03301c52496005cae",
                "sha256:f482e78de6e7b0b060ff994ffd859bddc3f7f382bb2019ef157b0ea8ca8712f5"
            ],
            "markers": "python_version >= '3.6'",
            "version": "==4.6.0.66"
        },
        "pycine": {
            "editable": true,
            "path": "."
        },
        "sanitized-package": {
            "editable": true,
            "path": "."
        },
        "timecode": {
            "hashes": [
                "sha256:76ab5ddec955e1fa6fd68617b68095db740d39c91255ad54ced8d1daf66214c5",
                "sha256:84ddfdc4b3711e1bbdda6708c038d58294307b1b256d470b230b53973a6407ba"
            ],
            "version": "==1.3.1"
        }
    },
    "develop": {
        "altgraph": {
            "hashes": [
                "sha256:743628f2ac6a7c26f5d9223c91ed8ecbba535f506f4b6f558885a8a56a105857",
                "sha256:ebf2269361b47d97b3b88e696439f6e4cbc607c17c51feb1754f90fb79839158"
            ],
            "version": "==0.17.2"
        },
        "pyinstaller": {
            "hashes": [
                "sha256:f5c0eeb2aa663cce9a5404292c0195011fa500a6501c873a466b2e8cad3c950c"
            ],
            "index": "pypi",
            "version": "==4.2"
        },
        "pyinstaller-hooks-contrib": {
            "hashes": [
                "sha256:5fdb97dcae177955db7ab27840cba97b89dc0c7f4fd9142bba0f9b8d8df85c48",
                "sha256:6675634279cfe9e475580fb310c3d557037baefb065e6cb5a69a124361b926fd"
            ],
            "markers": "python_version >= '3.7'",
            "version": "==2022.7"
        },
        "setuptools": {
            "hashes": [
                "sha256:990a4f7861b31532871ab72331e755b5f14efbe52d336ea7f6118144dd478741",
                "sha256:c1848f654aea2e3526d17fc3ce6aeaa5e7e24e66e645b5be2171f3f6b4e5a178"
            ],
            "markers": "python_version >= '3.7'",
            "version": "==62.6.0"
        }
    }
}
