{
    "_meta": {
        "hash": {
            "sha256": "e2e5ed5637a443b90382e06578afe37eaf9315062a74d32387fd37be3198039f"
        },
        "pipfile-spec": 6,
        "requires": {
            "python_version": "3.7"
        },
        "sources": [
            {
                "name": "pypi",
                "url": "https://pypi.org/simple",
                "verify_ssl": true
            }
        ]
    },
    "default": {
        "click": {
            "hashes": [
                "sha256:2335065e6395b9e67ca716de5f7526736bfa6ceead690adf616d925bdc622b13",
                "sha256:5b94b49521f6456670fdb30cd82a4eca9412788a93fa6dd6df72c94d5a8ff2d7"
            ],
            "version": "==7.0"
        },
        "colorama": {
            "hashes": [
                "sha256:05eed71e2e327246ad6b38c540c4a3117230b19679b875190486ddd2d721422d",
                "sha256:f8ac84de7840f5b9c4e3347b3c1eaa50f7e49c2b07596221daec5edaabbd7c48"
            ],
            "index": "pypi",
            "version": "==0.4.1"
        },
        "docopt": {
            "hashes": [
                "sha256:49b3a825280bd66b3aa83585ef59c4a8c82f2c8a522dbe754a8bc8d08c85c491"
            ],
            "version": "==0.6.2"
        },
        "numpy": {
            "hashes": [
                "sha256:0b0dd8f47fb177d00fa6ef2d58783c4f41ad3126b139c91dd2f7c4b3fdf5e9a5",
                "sha256:25ffe71f96878e1da7e014467e19e7db90ae7d4e12affbc73101bcf61785214e",
                "sha256:26efd7f7d755e6ca966a5c0ac5a930a87dbbaab1c51716ac26a38f42ecc9bc4b",
                "sha256:28b1180c758abf34a5c3fea76fcee66a87def1656724c42bb14a6f9717a5bdf7",
                "sha256:2e418f0a59473dac424f888dd57e85f77502a593b207809211c76e5396ae4f5c",
                "sha256:30c84e3a62cfcb9e3066f25226e131451312a044f1fe2040e69ce792cb7de418",
                "sha256:4650d94bb9c947151737ee022b934b7d9a845a7c76e476f3e460f09a0c8c6f39",
                "sha256:4dd830a11e8724c9c9379feed1d1be43113f8bcce55f47ea7186d3946769ce26",
                "sha256:4f2a2b279efde194877aff1f76cf61c68e840db242a5c7169f1ff0fd59a2b1e2",
                "sha256:62d22566b3e3428dfc9ec972014c38ed9a4db4f8969c78f5414012ccd80a149e",
                "sha256:669795516d62f38845c7033679c648903200980d68935baaa17ac5c7ae03ae0c",
                "sha256:75fcd60d682db3e1f8fbe2b8b0c6761937ad56d01c1dc73edf4ef2748d5b6bc4",
                "sha256:9395b0a41e8b7e9a284e3be7060db9d14ad80273841c952c83a5afc241d2bd98",
                "sha256:9e37c35fc4e9410093b04a77d11a34c64bf658565e30df7cbe882056088a91c1",
                "sha256:a0678793096205a4d784bd99f32803ba8100f639cf3b932dc63b21621390ea7e",
                "sha256:b46554ad4dafb2927f88de5a1d207398c5385edbb5c84d30b3ef187c4a3894d8",
                "sha256:c867eeccd934920a800f65c6068acdd6b87e80d45cd8c8beefff783b23cdc462",
                "sha256:dd0667f5be56fb1b570154c2c0516a528e02d50da121bbbb2cbb0b6f87f59bc2",
                "sha256:de2b1c20494bdf47f0160bd88ed05f5e48ae5dc336b8de7cfade71abcc95c0b9",
                "sha256:f1df7b2b7740dd777571c732f98adb5aad5450aee32772f1b39249c8a50386f6",
                "sha256:ffca69e29079f7880c5392bf675eb8b4146479d976ae1924d01cd92b04cccbcc"
            ],
            "version": "==1.17.3"
        },
        "opencv-python": {
            "hashes": [
                "sha256:01505b131dc35f60e99a5da98b77156e37f872ae0ff5596e5e68d526bb572d3c",
                "sha256:0478a1037505ddde312806c960a5e8958d2cf7a2885e8f2f5dde74c4028e0b04",
                "sha256:17810b89f9ef8e8537e75332acf533e619e26ccadbf1b73f24bf338f2d327ddd",
                "sha256:19ad2ea9fb32946761b47b9d6eed51876a8329da127f27788263fecd66651ba0",
                "sha256:1a250edb739baf3e7c25d99a2ee252aac4f59a97e0bee39237eaa490fd0281d3",
                "sha256:3505468970448f66cd776cb9e179570c87988f94b5cf9bcbc4c2d88bd88bbdf1",
                "sha256:4e04a91da157885359f487534433340b2d709927559c80acf62c28167e59be02",
                "sha256:5a49cffcdec5e37217672579c3343565926d999642844efa9c6a031ed5f32318",
                "sha256:604b2ce3d4a86480ced0813da7fba269b4605ad9fea26cd2144d8077928d4b49",
                "sha256:61cbb8fa9565a0480c46028599431ad8f19181a7fac8070a700515fd54cd7377",
                "sha256:62d7c6e511c9454f099616315c695d02a584048e1affe034b39160db7a2ae34d",
                "sha256:6555272dd9efd412d17cdc1a4f4c2da5753c099d95d9ff01aca54bb9782fb5cf",
                "sha256:67d994c6b2b14cb9239e85dc7dfa6c08ef7cf6eb4def80c0af6141dfacc8cbb9",
                "sha256:68c9cbe538666c4667523821cc56caee49389bea06bae4c0fc2cd68bd264226a",
                "sha256:822ad8f628a9498f569c57d30865f5ef9ee17824cee0a1d456211f742028c135",
                "sha256:82d972429eb4fee22c1dc4204af2a2e981f010e5e4f66daea2a6c68381b79184",
                "sha256:9128924f5b58269ee221b8cf2d736f31bd3bb0391b92ee8504caadd68c8176a2",
                "sha256:9172cf8270572c494d8b2ae12ef87c0f6eed9d132927e614099f76843b0c91d7",
                "sha256:952bce4d30a8287b17721ddaad7f115dab268efee8576249ddfede80ec2ce404",
                "sha256:a8147718e70b1f170a3d26518e992160137365a4db0ed82a9efd3040f9f660d4",
                "sha256:bfdb636a3796ff223460ea0fcfda906b3b54f4bef22ae433a5b67e66fab00b25",
                "sha256:c9c3f27867153634e1083390920067008ebaaab78aeb09c4e0274e69746cb2c8",
                "sha256:d69be21973d450a4662ae6bd1b3df6b1af030e448d7276380b0d1adf7c8c2ae6",
                "sha256:db1479636812a6579a3753b72a6fefaa73190f32bf7b19e483f8bc750cebe1a5",
                "sha256:db8313d755962a7dd61e5c22a651e0743208adfdb255c6ec8904ce9cb02940c6",
                "sha256:e4625a6b032e7797958aeb630d6e3e91e3896d285020aae612e6d7b342d6dfea",
                "sha256:e8397a26966a1290836a52c34b362aabc65a422b9ffabcbbdec1862f023ccab8"
            ],
            "version": "==4.1.1.26"
        },
        "pycine": {
            "editable": true,
            "path": "."
        }
    },
    "develop": {
        "altgraph": {
            "hashes": [
                "sha256:d6814989f242b2b43025cba7161fc1b8fb487a62cd49c49245d6fd01c18ac997",
                "sha256:ddf5320017147ba7b810198e0b6619bd7b5563aa034da388cea8546b877f9b0c"
            ],
            "version": "==0.16.1"
        },
        "macholib": {
            "hashes": [
                "sha256:ac02d29898cf66f27510d8f39e9112ae00590adb4a48ec57b25028d6962b1ae1",
                "sha256:c4180ffc6f909bf8db6cd81cff4b6f601d575568f4d5dee148c830e9851eb9db"
            ],
            "version": "==1.11"
        },
        "pyinstaller": {
            "hashes": [
                "sha256:ee7504022d1332a3324250faf2135ea56ac71fdb6309cff8cd235de26b1d0a96"
            ],
            "index": "pypi",
            "version": "==3.5"
        }
    }
}
